lockfileVersion: '9.0'

settings:
  autoInstallPeers: true
  excludeLinksFromLockfile: false

importers:

  .:
    devDependencies:
      '@types/weak-napi':
        specifier: ^2.0.3
        version: 2.0.3
      weak-napi:
        specifier: https://github.com/aminya/weak-napi#ea97678fc4c9304eea7f3fb1ddc88eaf59cccc6f
        version: https://codeload.github.com/aminya/weak-napi/tar.gz/ea97678fc4c9304eea7f3fb1ddc88eaf59cccc6f

packages:

  '@types/node@20.14.2':
    resolution: {integrity: sha512-xyu6WAMVwv6AKFLB+e/7ySZVr/0zLCzOa7rSpq6jNwpqOrUbcACDWC+53d4n2QHOnDou0fbIsg8wZu/sxrnI4Q==}

  '@types/weak-napi@2.0.3':
    resolution: {integrity: sha512-hNh8wxRTaQC8gLT6BKkG5Kokwp4hEyWw4RshGTLwa1K4S1o6kX7G0bJ85kKr+2fK3fuF8HZuz1+Dy8YtICZDqg==}

  get-symbol-from-current-process-h@1.0.2:
    resolution: {integrity: sha512-syloC6fsCt62ELLrr1VKBM1ggOpMdetX9hTrdW77UQdcApPHLmf7CI7OKcN1c9kYuNxKcDe4iJ4FY9sX3aw2xw==}

  get-uv-event-loop-napi-h@1.0.6:
    resolution: {integrity: sha512-t5c9VNR84nRoF+eLiz6wFrEp1SE2Acg0wS+Ysa2zF0eROes+LzOfuTaVHxGy8AbS8rq7FHEJzjnCZo1BupwdJg==}

  node-addon-api@8.0.0:
    resolution: {integrity: sha512-ipO7rsHEBqa9STO5C5T10fj732ml+5kLN1cAG8/jdHd56ldQeGj3Q7+scUS+VHK/qy1zLEwC4wMK5+yM0btPvw==}
    engines: {node: ^18 || ^20 || >= 21}

  node-gyp-build@4.8.1:
    resolution: {integrity: sha512-OSs33Z9yWr148JZcbZd5WiAXhh/n9z8TxQcdMhIOlpN9AhWpLfvVFO73+m77bBABQMaY9XSvIa+qk0jlI7Gcaw==}
    hasBin: true

  setimmediate-napi@1.0.6:
    resolution: {integrity: sha512-sdNXN15Av1jPXuSal4Mk4tEAKn0+8lfF9Z50/negaQMrAIO9c1qM0eiCh8fT6gctp0RiCObk+6/Xfn5RMGdZoA==}

  undici-types@5.26.5:
    resolution: {integrity: sha512-JlCMO+ehdEIKqlFxk6IfVoAUVmgz7cU7zD/h9XZ0qzeosSHmUJVOzSQvvYSYWXkFXC+IfLKSIffhv0sVZup6pA==}

  weak-napi@https://codeload.github.com/aminya/weak-napi/tar.gz/ea97678fc4c9304eea7f3fb1ddc88eaf59cccc6f:
    resolution: {tarball: https://codeload.github.com/aminya/weak-napi/tar.gz/ea97678fc4c9304eea7f3fb1ddc88eaf59cccc6f}
    version: 2.0.2

snapshots:

  '@types/node@20.14.2':
    dependencies:
      undici-types: 5.26.5

  '@types/weak-napi@2.0.3':
    dependencies:
      '@types/node': 20.14.2

  get-symbol-from-current-process-h@1.0.2: {}

  get-uv-event-loop-napi-h@1.0.6:
    dependencies:
      get-symbol-from-current-process-h: 1.0.2

  node-addon-api@8.0.0: {}

  node-gyp-build@4.8.1: {}

  setimmediate-napi@1.0.6:
    dependencies:
      get-symbol-from-current-process-h: 1.0.2
      get-uv-event-loop-napi-h: 1.0.6

  undici-types@5.26.5: {}

  weak-napi@https://codeload.github.com/aminya/weak-napi/tar.gz/ea97678fc4c9304eea7f3fb1ddc88eaf59cccc6f:
    dependencies:
      node-addon-api: 8.0.0
      node-gyp-build: 4.8.1
      setimmediate-napi: 1.0.6
